
Microsoft Visual Studio Solution File, Format Version 12.00
# Visual Studio Version 16
VisualStudioVersion = 16.0.31829.152
MinimumVisualStudioVersion = 10.0.40219.1
Project("{FAE04EC0-301F-11D3-BF4B-00C04F79EFBC}") = "examen", "examen\examen.csproj", "{025C9E53-8986-4897-8EB3-E279D0FFA8D1}"
EndProject
Global
	GlobalSection(SolutionConfigurationPlatforms) = preSolution
		Debug|Any CPU = Debug|Any CPU
		Release|Any CPU = Release|Any CPU
	EndGlobalSection
	GlobalSection(ProjectConfigurationPlatforms) = postSolution
		{025C9E53-8986-4897-8EB3-E279D0FFA8D1}.Debug|Any CPU.ActiveCfg = Debug|Any CPU
		{025C9E53-8986-4897-8EB3-E279D0FFA8D1}.Debug|Any CPU.Build.0 = Debug|Any CPU
		{025C9E53-8986-4897-8EB3-E279D0FFA8D1}.Release|Any CPU.ActiveCfg = Release|Any CPU
		{025C9E53-8986-4897-8EB3-E279D0FFA8D1}.Release|Any CPU.Build.0 = Release|Any CPU
	EndGlobalSection
	GlobalSection(SolutionProperties) = preSolution
		HideSolutionNode = FALSE
	EndGlobalSection
	GlobalSection(ExtensibilityGlobals) = postSolution
		SolutionGuid = {262763F8-C0BC-469B-8DA5-D4C3413E53EB}
	EndGlobalSection
EndGlobal
