
Microsoft Visual Studio Solution File, Format Version 12.00
# Visual Studio Version 16
VisualStudioVersion = 16.0.31911.196
MinimumVisualStudioVersion = 10.0.40219.1
Project("{FAE04EC0-301F-11D3-BF4B-00C04F79EFBC}") = "pruebasTecaldo", "pruebasTecaldo.csproj", "{81363C14-E1C5-40F5-BA82-0A4EA6DFD8CA}"
EndProject
Global
	GlobalSection(SolutionConfigurationPlatforms) = preSolution
		Debug|Any CPU = Debug|Any CPU
		Release|Any CPU = Release|Any CPU
	EndGlobalSection
	GlobalSection(ProjectConfigurationPlatforms) = postSolution
		{81363C14-E1C5-40F5-BA82-0A4EA6DFD8CA}.Debug|Any CPU.ActiveCfg = Debug|Any CPU
		{81363C14-E1C5-40F5-BA82-0A4EA6DFD8CA}.Debug|Any CPU.Build.0 = Debug|Any CPU
		{81363C14-E1C5-40F5-BA82-0A4EA6DFD8CA}.Release|Any CPU.ActiveCfg = Release|Any CPU
		{81363C14-E1C5-40F5-BA82-0A4EA6DFD8CA}.Release|Any CPU.Build.0 = Release|Any CPU
	EndGlobalSection
	GlobalSection(SolutionProperties) = preSolution
		HideSolutionNode = FALSE
	EndGlobalSection
	GlobalSection(ExtensibilityGlobals) = postSolution
		SolutionGuid = {27FEBBEF-6AC6-49F1-8BE7-F99BD19BCC31}
	EndGlobalSection
EndGlobal
