
Microsoft Visual Studio Solution File, Format Version 12.00
# Visual Studio Version 16
VisualStudioVersion = 16.0.31911.196
MinimumVisualStudioVersion = 10.0.40219.1
Project("{FAE04EC0-301F-11D3-BF4B-00C04F79EFBC}") = "GestionInstituto", "GestionInstituto.csproj", "{A3782B55-210C-428B-B765-1442E270DFDB}"
EndProject
Global
	GlobalSection(SolutionConfigurationPlatforms) = preSolution
		Debug|Any CPU = Debug|Any CPU
		Release|Any CPU = Release|Any CPU
	EndGlobalSection
	GlobalSection(ProjectConfigurationPlatforms) = postSolution
		{A3782B55-210C-428B-B765-1442E270DFDB}.Debug|Any CPU.ActiveCfg = Debug|Any CPU
		{A3782B55-210C-428B-B765-1442E270DFDB}.Debug|Any CPU.Build.0 = Debug|Any CPU
		{A3782B55-210C-428B-B765-1442E270DFDB}.Release|Any CPU.ActiveCfg = Release|Any CPU
		{A3782B55-210C-428B-B765-1442E270DFDB}.Release|Any CPU.Build.0 = Release|Any CPU
	EndGlobalSection
	GlobalSection(SolutionProperties) = preSolution
		HideSolutionNode = FALSE
	EndGlobalSection
	GlobalSection(ExtensibilityGlobals) = postSolution
		SolutionGuid = {B48BD606-B2F2-4F9B-A791-7F1B6445F810}
	EndGlobalSection
EndGlobal
